
Microsoft Visual Studio Solution File, Format Version 12.00
# Visual Studio Version 16
VisualStudioVersion = 16.0.31129.286
MinimumVisualStudioVersion = 10.0.40219.1
Project("{FAE04EC0-301F-11D3-BF4B-00C04F79EFBC}") = "ConsoleApp1", "ConsoleApp1\ConsoleApp1.csproj", "{2889D134-66B8-4ADF-BEFB-E7FD26C085E3}"
EndProject
Global
	GlobalSection(SolutionConfigurationPlatforms) = preSolution
		Debug|Any CPU = Debug|Any CPU
		Release|Any CPU = Release|Any CPU
	EndGlobalSection
	GlobalSection(ProjectConfigurationPlatforms) = postSolution
		{2889D134-66B8-4ADF-BEFB-E7FD26C085E3}.Debug|Any CPU.ActiveCfg = Debug|Any CPU
		{2889D134-66B8-4ADF-BEFB-E7FD26C085E3}.Debug|Any CPU.Build.0 = Debug|Any CPU
		{2889D134-66B8-4ADF-BEFB-E7FD26C085E3}.Release|Any CPU.ActiveCfg = Release|Any CPU
		{2889D134-66B8-4ADF-BEFB-E7FD26C085E3}.Release|Any CPU.Build.0 = Release|Any CPU
	EndGlobalSection
	GlobalSection(SolutionProperties) = preSolution
		HideSolutionNode = FALSE
	EndGlobalSection
	GlobalSection(ExtensibilityGlobals) = postSolution
		SolutionGuid = {E9C7CFF9-22FF-4B62-9415-48A01392EB64}
	EndGlobalSection
EndGlobal
